{
  "lockfileVersion": 1,
  "dependencies": {
    "definitely-typed-angular": {
      "version": "1.0.1",
      "resolved": "https://registry.npmjs.org/definitely-typed-angular/-/definitely-typed-angular-1.0.1.tgz",
      "integrity": "sha1-611dCkaJFCfObpXCWwSSLtte1WY="
    },
    "definitely-typed-jquery": {
      "version": "1.0.0",
      "resolved": "https://registry.npmjs.org/definitely-typed-jquery/-/definitely-typed-jquery-1.0.0.tgz",
      "integrity": "sha1-WiyGUoPFWS5w1G2HBu9SYhII3tI="
    }
  }
}
